{
  "name": "KubeCapsule",
  "lockfileVersion": 3,
  "requires": true,
  "packages": {
    "": {
      "dependencies": {
        "universal-cookie": "^7.1.4"
      }
    },
    "node_modules/@types/cookie": {
      "version": "0.6.0",
      "resolved": "https://registry.npmjs.org/@types/cookie/-/cookie-0.6.0.tgz",
      "integrity": "sha512-4Kh9a6B2bQciAhf7FSuMRRkUWecJgJu9nPnx3yzpsfXX/c50REIqpHY4C82bXP90qrLtXtkDxTZosYO3UpOwlA=="
    },
    "node_modules/cookie": {
      "version": "0.6.0",
      "resolved": "https://registry.npmjs.org/cookie/-/cookie-0.6.0.tgz",
      "integrity": "sha512-U71cyTamuh1CRNCfpGY6to28lxvNwPG4Guz/EVjgf3Jmzv0vlDp1atT9eS5dDjMYHucpHbWns6Lwf3BKz6svdw==",
      "engines": {
        "node": ">= 0.6"
      }
    },
    "node_modules/universal-cookie": {
      "version": "7.1.4",
      "resolved": "https://registry.npmjs.org/universal-cookie/-/universal-cookie-7.1.4.tgz",
      "integrity": "sha512-Q+DVJsdykStWRMtXr2Pdj3EF98qZHUH/fXv/gwFz/unyToy1Ek1w5GsWt53Pf38tT8Gbcy5QNsj61Xe9TggP4g==",
      "dependencies": {
        "@types/cookie": "^0.6.0",
        "cookie": "^0.6.0"
      }
    }
  }
}
